
Microsoft Visual Studio Solution File, Format Version 12.00
# Visual Studio Version 17
VisualStudioVersion = 17.4.33213.308
MinimumVisualStudioVersion = 10.0.40219.1
Project("{8BC9CEB8-8B4A-11D0-8D11-00A0C91BC942}") = "size_of_operators", "size_of_operators\size_of_operators.vcxproj", "{3ECB9F18-1240-4499-AF52-EF15FBC738FB}"
EndProject
Global
	GlobalSection(SolutionConfigurationPlatforms) = preSolution
		Debug|x64 = Debug|x64
		Debug|x86 = Debug|x86
		Release|x64 = Release|x64
		Release|x86 = Release|x86
	EndGlobalSection
	GlobalSection(ProjectConfigurationPlatforms) = postSolution
		{3ECB9F18-1240-4499-AF52-EF15FBC738FB}.Debug|x64.ActiveCfg = Debug|x64
		{3ECB9F18-1240-4499-AF52-EF15FBC738FB}.Debug|x64.Build.0 = Debug|x64
		{3ECB9F18-1240-4499-AF52-EF15FBC738FB}.Debug|x86.ActiveCfg = Debug|Win32
		{3ECB9F18-1240-4499-AF52-EF15FBC738FB}.Debug|x86.Build.0 = Debug|Win32
		{3ECB9F18-1240-4499-AF52-EF15FBC738FB}.Release|x64.ActiveCfg = Release|x64
		{3ECB9F18-1240-4499-AF52-EF15FBC738FB}.Release|x64.Build.0 = Release|x64
		{3ECB9F18-1240-4499-AF52-EF15FBC738FB}.Release|x86.ActiveCfg = Release|Win32
		{3ECB9F18-1240-4499-AF52-EF15FBC738FB}.Release|x86.Build.0 = Release|Win32
	EndGlobalSection
	GlobalSection(SolutionProperties) = preSolution
		HideSolutionNode = FALSE
	EndGlobalSection
	GlobalSection(ExtensibilityGlobals) = postSolution
		SolutionGuid = {3ACC11CC-2AE4-45BA-9557-BB2A0FA833F1}
	EndGlobalSection
EndGlobal
